
Microsoft Visual Studio Solution File, Format Version 12.00
# Visual Studio Version 17
VisualStudioVersion = 17.9.34622.214
MinimumVisualStudioVersion = 10.0.40219.1
Project("{FAE04EC0-301F-11D3-BF4B-00C04F79EFBC}") = "Regex 1", "Regex 1.csproj", "{9B21AE66-E398-4AE6-B684-E9E3F5F18F56}"
EndProject
Global
	GlobalSection(SolutionConfigurationPlatforms) = preSolution
		Debug|Any CPU = Debug|Any CPU
		Release|Any CPU = Release|Any CPU
	EndGlobalSection
	GlobalSection(ProjectConfigurationPlatforms) = postSolution
		{9B21AE66-E398-4AE6-B684-E9E3F5F18F56}.Debug|Any CPU.ActiveCfg = Debug|Any CPU
		{9B21AE66-E398-4AE6-B684-E9E3F5F18F56}.Debug|Any CPU.Build.0 = Debug|Any CPU
		{9B21AE66-E398-4AE6-B684-E9E3F5F18F56}.Release|Any CPU.ActiveCfg = Release|Any CPU
		{9B21AE66-E398-4AE6-B684-E9E3F5F18F56}.Release|Any CPU.Build.0 = Release|Any CPU
	EndGlobalSection
	GlobalSection(SolutionProperties) = preSolution
		HideSolutionNode = FALSE
	EndGlobalSection
	GlobalSection(ExtensibilityGlobals) = postSolution
		SolutionGuid = {2952CD1C-D957-466E-91E9-3A3EEE74D39B}
	EndGlobalSection
EndGlobal
