
Microsoft Visual Studio Solution File, Format Version 12.00
# Visual Studio Version 17
VisualStudioVersion = 17.9.34622.214
MinimumVisualStudioVersion = 10.0.40219.1
Project("{FAE04EC0-301F-11D3-BF4B-00C04F79EFBC}") = "Data Structures - Arrays - BOSS LEVEL - City Generator - v2", "Data Structures - Arrays - BOSS LEVEL - City Generator - v2.csproj", "{276401C3-B8E5-497F-97B2-78C5CF854A79}"
EndProject
Global
	GlobalSection(SolutionConfigurationPlatforms) = preSolution
		Debug|Any CPU = Debug|Any CPU
		Release|Any CPU = Release|Any CPU
	EndGlobalSection
	GlobalSection(ProjectConfigurationPlatforms) = postSolution
		{276401C3-B8E5-497F-97B2-78C5CF854A79}.Debug|Any CPU.ActiveCfg = Debug|Any CPU
		{276401C3-B8E5-497F-97B2-78C5CF854A79}.Debug|Any CPU.Build.0 = Debug|Any CPU
		{276401C3-B8E5-497F-97B2-78C5CF854A79}.Release|Any CPU.ActiveCfg = Release|Any CPU
		{276401C3-B8E5-497F-97B2-78C5CF854A79}.Release|Any CPU.Build.0 = Release|Any CPU
	EndGlobalSection
	GlobalSection(SolutionProperties) = preSolution
		HideSolutionNode = FALSE
	EndGlobalSection
	GlobalSection(ExtensibilityGlobals) = postSolution
		SolutionGuid = {3D23617F-FE43-4C45-B2D7-6B1ACD9BCAAC}
	EndGlobalSection
EndGlobal
