
Microsoft Visual Studio Solution File, Format Version 12.00
# Visual Studio Version 17
VisualStudioVersion = 17.9.34622.214
MinimumVisualStudioVersion = 10.0.40219.1
Project("{FAE04EC0-301F-11D3-BF4B-00C04F79EFBC}") = "Algorithm Design 1 - A better Join", "Algorithm Design 1 - A better Join.csproj", "{577B4CE5-AE57-48DB-A690-0D3AB52AF242}"
EndProject
Global
	GlobalSection(SolutionConfigurationPlatforms) = preSolution
		Debug|Any CPU = Debug|Any CPU
		Release|Any CPU = Release|Any CPU
	EndGlobalSection
	GlobalSection(ProjectConfigurationPlatforms) = postSolution
		{577B4CE5-AE57-48DB-A690-0D3AB52AF242}.Debug|Any CPU.ActiveCfg = Debug|Any CPU
		{577B4CE5-AE57-48DB-A690-0D3AB52AF242}.Debug|Any CPU.Build.0 = Debug|Any CPU
		{577B4CE5-AE57-48DB-A690-0D3AB52AF242}.Release|Any CPU.ActiveCfg = Release|Any CPU
		{577B4CE5-AE57-48DB-A690-0D3AB52AF242}.Release|Any CPU.Build.0 = Release|Any CPU
	EndGlobalSection
	GlobalSection(SolutionProperties) = preSolution
		HideSolutionNode = FALSE
	EndGlobalSection
	GlobalSection(ExtensibilityGlobals) = postSolution
		SolutionGuid = {07912010-A7F6-4897-B7A6-B1802CB24736}
	EndGlobalSection
EndGlobal
