
Microsoft Visual Studio Solution File, Format Version 12.00
# Visual Studio Version 17
VisualStudioVersion = 17.9.34622.214
MinimumVisualStudioVersion = 10.0.40219.1
Project("{FAE04EC0-301F-11D3-BF4B-00C04F79EFBC}") = "Mission 4 - Generate characters and monsters", "Mission 4 - Generate characters and monsters.csproj", "{125CA58E-1416-4920-8B48-DD45DED99713}"
EndProject
Global
	GlobalSection(SolutionConfigurationPlatforms) = preSolution
		Debug|Any CPU = Debug|Any CPU
		Release|Any CPU = Release|Any CPU
	EndGlobalSection
	GlobalSection(ProjectConfigurationPlatforms) = postSolution
		{125CA58E-1416-4920-8B48-DD45DED99713}.Debug|Any CPU.ActiveCfg = Debug|Any CPU
		{125CA58E-1416-4920-8B48-DD45DED99713}.Debug|Any CPU.Build.0 = Debug|Any CPU
		{125CA58E-1416-4920-8B48-DD45DED99713}.Release|Any CPU.ActiveCfg = Release|Any CPU
		{125CA58E-1416-4920-8B48-DD45DED99713}.Release|Any CPU.Build.0 = Release|Any CPU
	EndGlobalSection
	GlobalSection(SolutionProperties) = preSolution
		HideSolutionNode = FALSE
	EndGlobalSection
	GlobalSection(ExtensibilityGlobals) = postSolution
		SolutionGuid = {7E0DD4C6-8005-4A5F-95FC-E9D0B5729FD2}
	EndGlobalSection
EndGlobal
