
Microsoft Visual Studio Solution File, Format Version 12.00
# Visual Studio Version 17
VisualStudioVersion = 17.9.34622.214
MinimumVisualStudioVersion = 10.0.40219.1
Project("{FAE04EC0-301F-11D3-BF4B-00C04F79EFBC}") = "Algorithm Design 7 - Newcomer learn", "Algorithm Design 7 - Newcomer learn.csproj", "{ED8E0D63-6FCE-4F08-AFB0-D3C14FD634FE}"
EndProject
Global
	GlobalSection(SolutionConfigurationPlatforms) = preSolution
		Debug|Any CPU = Debug|Any CPU
		Release|Any CPU = Release|Any CPU
	EndGlobalSection
	GlobalSection(ProjectConfigurationPlatforms) = postSolution
		{ED8E0D63-6FCE-4F08-AFB0-D3C14FD634FE}.Debug|Any CPU.ActiveCfg = Debug|Any CPU
		{ED8E0D63-6FCE-4F08-AFB0-D3C14FD634FE}.Debug|Any CPU.Build.0 = Debug|Any CPU
		{ED8E0D63-6FCE-4F08-AFB0-D3C14FD634FE}.Release|Any CPU.ActiveCfg = Release|Any CPU
		{ED8E0D63-6FCE-4F08-AFB0-D3C14FD634FE}.Release|Any CPU.Build.0 = Release|Any CPU
	EndGlobalSection
	GlobalSection(SolutionProperties) = preSolution
		HideSolutionNode = FALSE
	EndGlobalSection
	GlobalSection(ExtensibilityGlobals) = postSolution
		SolutionGuid = {15543ADE-3A5A-4206-8C43-AB33D8E62BE7}
	EndGlobalSection
EndGlobal
