
Microsoft Visual Studio Solution File, Format Version 12.00
# Visual Studio Version 17
VisualStudioVersion = 17.9.34622.214
MinimumVisualStudioVersion = 10.0.40219.1
Project("{FAE04EC0-301F-11D3-BF4B-00C04F79EFBC}") = "Algorithm Design 1 - Ordinal Numbers", "Algorithm Design 1 - Ordinal Numbers.csproj", "{48ACD8DB-6E2B-42A5-90A5-ADE5CC3DEA32}"
EndProject
Global
	GlobalSection(SolutionConfigurationPlatforms) = preSolution
		Debug|Any CPU = Debug|Any CPU
		Release|Any CPU = Release|Any CPU
	EndGlobalSection
	GlobalSection(ProjectConfigurationPlatforms) = postSolution
		{48ACD8DB-6E2B-42A5-90A5-ADE5CC3DEA32}.Debug|Any CPU.ActiveCfg = Debug|Any CPU
		{48ACD8DB-6E2B-42A5-90A5-ADE5CC3DEA32}.Debug|Any CPU.Build.0 = Debug|Any CPU
		{48ACD8DB-6E2B-42A5-90A5-ADE5CC3DEA32}.Release|Any CPU.ActiveCfg = Release|Any CPU
		{48ACD8DB-6E2B-42A5-90A5-ADE5CC3DEA32}.Release|Any CPU.Build.0 = Release|Any CPU
	EndGlobalSection
	GlobalSection(SolutionProperties) = preSolution
		HideSolutionNode = FALSE
	EndGlobalSection
	GlobalSection(ExtensibilityGlobals) = postSolution
		SolutionGuid = {7CF20203-9BFE-4A37-89DE-2639AA4D8DD8}
	EndGlobalSection
EndGlobal
