
Microsoft Visual Studio Solution File, Format Version 12.00
# Visual Studio Version 17
VisualStudioVersion = 17.9.34622.214
MinimumVisualStudioVersion = 10.0.40219.1
Project("{FAE04EC0-301F-11D3-BF4B-00C04F79EFBC}") = "Data Structures - Arrays Practice", "Data Structures - Arrays Practice.csproj", "{7C41B9A1-3F06-4FD7-9923-3D1E2E595A3D}"
EndProject
Global
	GlobalSection(SolutionConfigurationPlatforms) = preSolution
		Debug|Any CPU = Debug|Any CPU
		Release|Any CPU = Release|Any CPU
	EndGlobalSection
	GlobalSection(ProjectConfigurationPlatforms) = postSolution
		{7C41B9A1-3F06-4FD7-9923-3D1E2E595A3D}.Debug|Any CPU.ActiveCfg = Debug|Any CPU
		{7C41B9A1-3F06-4FD7-9923-3D1E2E595A3D}.Debug|Any CPU.Build.0 = Debug|Any CPU
		{7C41B9A1-3F06-4FD7-9923-3D1E2E595A3D}.Release|Any CPU.ActiveCfg = Release|Any CPU
		{7C41B9A1-3F06-4FD7-9923-3D1E2E595A3D}.Release|Any CPU.Build.0 = Release|Any CPU
	EndGlobalSection
	GlobalSection(SolutionProperties) = preSolution
		HideSolutionNode = FALSE
	EndGlobalSection
	GlobalSection(ExtensibilityGlobals) = postSolution
		SolutionGuid = {7277D5C8-DDED-4044-9CF3-7FB5F44F8C35}
	EndGlobalSection
EndGlobal
