
Microsoft Visual Studio Solution File, Format Version 12.00
# Visual Studio Version 17
VisualStudioVersion = 17.9.34622.214
MinimumVisualStudioVersion = 10.0.40219.1
Project("{FAE04EC0-301F-11D3-BF4B-00C04F79EFBC}") = "ConsoleApp1", "ConsoleApp1.csproj", "{176A07EE-3060-45A1-8048-D24AA945ACD4}"
EndProject
Global
	GlobalSection(SolutionConfigurationPlatforms) = preSolution
		Debug|Any CPU = Debug|Any CPU
		Release|Any CPU = Release|Any CPU
	EndGlobalSection
	GlobalSection(ProjectConfigurationPlatforms) = postSolution
		{176A07EE-3060-45A1-8048-D24AA945ACD4}.Debug|Any CPU.ActiveCfg = Debug|Any CPU
		{176A07EE-3060-45A1-8048-D24AA945ACD4}.Debug|Any CPU.Build.0 = Debug|Any CPU
		{176A07EE-3060-45A1-8048-D24AA945ACD4}.Release|Any CPU.ActiveCfg = Release|Any CPU
		{176A07EE-3060-45A1-8048-D24AA945ACD4}.Release|Any CPU.Build.0 = Release|Any CPU
	EndGlobalSection
	GlobalSection(SolutionProperties) = preSolution
		HideSolutionNode = FALSE
	EndGlobalSection
	GlobalSection(ExtensibilityGlobals) = postSolution
		SolutionGuid = {F4238845-12F3-451B-A6D1-2890E422F288}
	EndGlobalSection
EndGlobal
