
Microsoft Visual Studio Solution File, Format Version 12.00
# Visual Studio Version 17
VisualStudioVersion = 17.9.34622.214
MinimumVisualStudioVersion = 10.0.40219.1
Project("{FAE04EC0-301F-11D3-BF4B-00C04F79EFBC}") = "Fundamentals - Lists - Generate characters, 5th edition", "Fundamentals - Lists - Generate characters, 5th edition.csproj", "{DBEEBF75-E315-4225-B488-986ED39C749A}"
EndProject
Global
	GlobalSection(SolutionConfigurationPlatforms) = preSolution
		Debug|Any CPU = Debug|Any CPU
		Release|Any CPU = Release|Any CPU
	EndGlobalSection
	GlobalSection(ProjectConfigurationPlatforms) = postSolution
		{DBEEBF75-E315-4225-B488-986ED39C749A}.Debug|Any CPU.ActiveCfg = Debug|Any CPU
		{DBEEBF75-E315-4225-B488-986ED39C749A}.Debug|Any CPU.Build.0 = Debug|Any CPU
		{DBEEBF75-E315-4225-B488-986ED39C749A}.Release|Any CPU.ActiveCfg = Release|Any CPU
		{DBEEBF75-E315-4225-B488-986ED39C749A}.Release|Any CPU.Build.0 = Release|Any CPU
	EndGlobalSection
	GlobalSection(SolutionProperties) = preSolution
		HideSolutionNode = FALSE
	EndGlobalSection
	GlobalSection(ExtensibilityGlobals) = postSolution
		SolutionGuid = {C4F31F09-9DDF-4E00-8D7A-43A02B526466}
	EndGlobalSection
EndGlobal
