
Microsoft Visual Studio Solution File, Format Version 12.00
# Visual Studio Version 17
VisualStudioVersion = 17.9.34622.214
MinimumVisualStudioVersion = 10.0.40219.1
Project("{FAE04EC0-301F-11D3-BF4B-00C04F79EFBC}") = "Algorithm Design 7 - Bubble Sort", "Algorithm Design 7 - Bubble Sort.csproj", "{075A3146-9E7C-4569-9C77-886E993491BD}"
EndProject
Global
	GlobalSection(SolutionConfigurationPlatforms) = preSolution
		Debug|Any CPU = Debug|Any CPU
		Release|Any CPU = Release|Any CPU
	EndGlobalSection
	GlobalSection(ProjectConfigurationPlatforms) = postSolution
		{075A3146-9E7C-4569-9C77-886E993491BD}.Debug|Any CPU.ActiveCfg = Debug|Any CPU
		{075A3146-9E7C-4569-9C77-886E993491BD}.Debug|Any CPU.Build.0 = Debug|Any CPU
		{075A3146-9E7C-4569-9C77-886E993491BD}.Release|Any CPU.ActiveCfg = Release|Any CPU
		{075A3146-9E7C-4569-9C77-886E993491BD}.Release|Any CPU.Build.0 = Release|Any CPU
	EndGlobalSection
	GlobalSection(SolutionProperties) = preSolution
		HideSolutionNode = FALSE
	EndGlobalSection
	GlobalSection(ExtensibilityGlobals) = postSolution
		SolutionGuid = {4203E1DA-C6A2-41AB-A343-487221ACF4B9}
	EndGlobalSection
EndGlobal
