
Microsoft Visual Studio Solution File, Format Version 12.00
# Visual Studio Version 17
VisualStudioVersion = 17.9.34622.214
MinimumVisualStudioVersion = 10.0.40219.1
Project("{FAE04EC0-301F-11D3-BF4B-00C04F79EFBC}") = "Algorithm Design 2 - Party Dilemma (Factorial)", "Algorithm Design 2 - Party Dilemma (Factorial).csproj", "{12979B58-3888-4F46-97F6-2DF09DD13C90}"
EndProject
Global
	GlobalSection(SolutionConfigurationPlatforms) = preSolution
		Debug|Any CPU = Debug|Any CPU
		Release|Any CPU = Release|Any CPU
	EndGlobalSection
	GlobalSection(ProjectConfigurationPlatforms) = postSolution
		{12979B58-3888-4F46-97F6-2DF09DD13C90}.Debug|Any CPU.ActiveCfg = Debug|Any CPU
		{12979B58-3888-4F46-97F6-2DF09DD13C90}.Debug|Any CPU.Build.0 = Debug|Any CPU
		{12979B58-3888-4F46-97F6-2DF09DD13C90}.Release|Any CPU.ActiveCfg = Release|Any CPU
		{12979B58-3888-4F46-97F6-2DF09DD13C90}.Release|Any CPU.Build.0 = Release|Any CPU
	EndGlobalSection
	GlobalSection(SolutionProperties) = preSolution
		HideSolutionNode = FALSE
	EndGlobalSection
	GlobalSection(ExtensibilityGlobals) = postSolution
		SolutionGuid = {3C28FE0A-66A5-4705-B974-20D6DE4B870E}
	EndGlobalSection
EndGlobal
